GEM
  remote: http://rubygems.org/
  specs:
    base64 (0.2.0)
    logger (1.6.1)
    mustermann (3.0.3)
      ruby2_keywords (~> 0.0.1)
    nio4r (2.7.4)
    power_assert (2.0.4)
    puma (6.5.0)
      nio4r (~> 2.0)
    rack (3.1.8)
    rack-protection (4.1.1)
      base64 (>= 0.1.0)
      logger (>= 1.6.0)
      rack (>= 3.0.0, < 4)
    rack-session (2.0.0)
      rack (>= 3.0.0)
    rack-test (2.1.0)
      rack (>= 1.3)
    rackup (2.2.1)
      rack (>= 3)
    rake (13.2.1)
    ruby2_keywords (0.0.5)
    sinatra (4.1.1)
      logger (>= 1.6.0)
      mustermann (~> 3.0)
      rack (>= 3.0.0, < 4)
      rack-protection (= 4.1.1)
      rack-session (>= 2.0.0, < 3)
      tilt (~> 2.0)
    test-unit (3.6.5)
      power_assert
    tilt (2.4.0)

PLATFORMS
  ruby

DEPENDENCIES
  puma
  rack
  rack-test
  rackup
  rake
  sinatra
  test-unit

RUBY VERSION
   ruby 3.1.3p185

BUNDLED WITH
   2.3.26
